
Microsoft Visual Studio Solution File, Format Version 12.00
# Visual Studio Version 17
VisualStudioVersion = 17.1.32319.34
MinimumVisualStudioVersion = 10.0.40219.1
Project("{FAE04EC0-301F-11D3-BF4B-00C04F79EFBC}") = "Open.TokenProvider", "Open.TokenProvider\Open.TokenProvider.csproj", "{44536676-5ED2-4AD5-905D-0A15DAE5FF30}"
EndProject
Global
	GlobalSection(SolutionConfigurationPlatforms) = preSolution
		Debug|Any CPU = Debug|Any CPU
		Release|Any CPU = Release|Any CPU
	EndGlobalSection
	GlobalSection(ProjectConfigurationPlatforms) = postSolution
		{44536676-5ED2-4AD5-905D-0A15DAE5FF30}.Debug|Any CPU.ActiveCfg = Debug|Any CPU
		{44536676-5ED2-4AD5-905D-0A15DAE5FF30}.Debug|Any CPU.Build.0 = Debug|Any CPU
		{44536676-5ED2-4AD5-905D-0A15DAE5FF30}.Release|Any CPU.ActiveCfg = Release|Any CPU
		{44536676-5ED2-4AD5-905D-0A15DAE5FF30}.Release|Any CPU.Build.0 = Release|Any CPU
	EndGlobalSection
	GlobalSection(SolutionProperties) = preSolution
		HideSolutionNode = FALSE
	EndGlobalSection
	GlobalSection(ExtensibilityGlobals) = postSolution
		SolutionGuid = {DAB4452F-E2C4-44DB-8353-4EE79108B2D0}
	EndGlobalSection
EndGlobal
